
Microsoft Visual Studio Solution File, Format Version 12.00
# Visual Studio Version 16
VisualStudioVersion = 16.0.30503.244
MinimumVisualStudioVersion = 10.0.40219.1
Project("{FAE04EC0-301F-11D3-BF4B-00C04F79EFBC}") = "Growser.Browser", "growser-browser\Growser.Browser.csproj", "{79AD81FD-48D1-4924-A592-8646DC353721}"
EndProject
Project("{FAE04EC0-301F-11D3-BF4B-00C04F79EFBC}") = "Growser.Messenger", "growser-messenger\Growser.Messenger.csproj", "{9C147D4A-5816-4FE0-B4AD-51DF2C502B3B}"
EndProject
Project("{FAE04EC0-301F-11D3-BF4B-00C04F79EFBC}") = "Growser.Live", "growser-live\Growser.Live.csproj", "{2E652F9B-ED99-489D-B508-B480985A7FF9}"
EndProject
Project("{FAE04EC0-301F-11D3-BF4B-00C04F79EFBC}") = "Growser.Common", "growser-common\Growser.Common.csproj", "{A6575E30-9FD2-4DF9-8EDF-8851EC24ECE4}"
EndProject
Global
	GlobalSection(SolutionConfigurationPlatforms) = preSolution
		Debug|Any CPU = Debug|Any CPU
		Debug|x64 = Debug|x64
		Release|Any CPU = Release|Any CPU
		Release|x64 = Release|x64
	EndGlobalSection
	GlobalSection(ProjectConfigurationPlatforms) = postSolution
		{79AD81FD-48D1-4924-A592-8646DC353721}.Debug|Any CPU.ActiveCfg = Debug|Any CPU
		{79AD81FD-48D1-4924-A592-8646DC353721}.Debug|Any CPU.Build.0 = Debug|Any CPU
		{79AD81FD-48D1-4924-A592-8646DC353721}.Debug|x64.ActiveCfg = Debug|x64
		{79AD81FD-48D1-4924-A592-8646DC353721}.Debug|x64.Build.0 = Debug|x64
		{79AD81FD-48D1-4924-A592-8646DC353721}.Release|Any CPU.ActiveCfg = Release|Any CPU
		{79AD81FD-48D1-4924-A592-8646DC353721}.Release|Any CPU.Build.0 = Release|Any CPU
		{79AD81FD-48D1-4924-A592-8646DC353721}.Release|x64.ActiveCfg = Release|x64
		{79AD81FD-48D1-4924-A592-8646DC353721}.Release|x64.Build.0 = Release|x64
		{9C147D4A-5816-4FE0-B4AD-51DF2C502B3B}.Debug|Any CPU.ActiveCfg = Debug|Any CPU
		{9C147D4A-5816-4FE0-B4AD-51DF2C502B3B}.Debug|Any CPU.Build.0 = Debug|Any CPU
		{9C147D4A-5816-4FE0-B4AD-51DF2C502B3B}.Debug|x64.ActiveCfg = Debug|x64
		{9C147D4A-5816-4FE0-B4AD-51DF2C502B3B}.Debug|x64.Build.0 = Debug|x64
		{9C147D4A-5816-4FE0-B4AD-51DF2C502B3B}.Release|Any CPU.ActiveCfg = Release|Any CPU
		{9C147D4A-5816-4FE0-B4AD-51DF2C502B3B}.Release|Any CPU.Build.0 = Release|Any CPU
		{9C147D4A-5816-4FE0-B4AD-51DF2C502B3B}.Release|x64.ActiveCfg = Release|x64
		{9C147D4A-5816-4FE0-B4AD-51DF2C502B3B}.Release|x64.Build.0 = Release|x64
		{2E652F9B-ED99-489D-B508-B480985A7FF9}.Debug|Any CPU.ActiveCfg = Debug|Any CPU
		{2E652F9B-ED99-489D-B508-B480985A7FF9}.Debug|Any CPU.Build.0 = Debug|Any CPU
		{2E652F9B-ED99-489D-B508-B480985A7FF9}.Debug|x64.ActiveCfg = Debug|x64
		{2E652F9B-ED99-489D-B508-B480985A7FF9}.Debug|x64.Build.0 = Debug|x64
		{2E652F9B-ED99-489D-B508-B480985A7FF9}.Release|Any CPU.ActiveCfg = Release|Any CPU
		{2E652F9B-ED99-489D-B508-B480985A7FF9}.Release|Any CPU.Build.0 = Release|Any CPU
		{2E652F9B-ED99-489D-B508-B480985A7FF9}.Release|x64.ActiveCfg = Release|x64
		{2E652F9B-ED99-489D-B508-B480985A7FF9}.Release|x64.Build.0 = Release|x64
		{A6575E30-9FD2-4DF9-8EDF-8851EC24ECE4}.Debug|Any CPU.ActiveCfg = Debug|Any CPU
		{A6575E30-9FD2-4DF9-8EDF-8851EC24ECE4}.Debug|Any CPU.Build.0 = Debug|Any CPU
		{A6575E30-9FD2-4DF9-8EDF-8851EC24ECE4}.Debug|x64.ActiveCfg = Debug|Any CPU
		{A6575E30-9FD2-4DF9-8EDF-8851EC24ECE4}.Debug|x64.Build.0 = Debug|Any CPU
		{A6575E30-9FD2-4DF9-8EDF-8851EC24ECE4}.Release|Any CPU.ActiveCfg = Release|Any CPU
		{A6575E30-9FD2-4DF9-8EDF-8851EC24ECE4}.Release|Any CPU.Build.0 = Release|Any CPU
		{A6575E30-9FD2-4DF9-8EDF-8851EC24ECE4}.Release|x64.ActiveCfg = Release|Any CPU
		{A6575E30-9FD2-4DF9-8EDF-8851EC24ECE4}.Release|x64.Build.0 = Release|Any CPU
	EndGlobalSection
	GlobalSection(SolutionProperties) = preSolution
		HideSolutionNode = FALSE
	EndGlobalSection
	GlobalSection(ExtensibilityGlobals) = postSolution
		SolutionGuid = {876783F9-36F4-465B-89A7-DC987238BEDC}
	EndGlobalSection
EndGlobal
